
Microsoft Visual Studio Solution File, Format Version 12.00
# Visual Studio Version 16
VisualStudioVersion = 16.0.29123.88
MinimumVisualStudioVersion = 10.0.40219.1
Project("{9092AA53-FB77-4645-B42D-1CCCA6BD08BD}") = "MySite", "MySite.njsproj", "{77BF89D1-54D5-435F-AAEF-FBAC2A560D42}"
EndProject
Global
	GlobalSection(SolutionConfigurationPlatforms) = preSolution
		Debug|Any CPU = Debug|Any CPU
		Release|Any CPU = Release|Any CPU
	EndGlobalSection
	GlobalSection(ProjectConfigurationPlatforms) = postSolution
		{77BF89D1-54D5-435F-AAEF-FBAC2A560D42}.Debug|Any CPU.ActiveCfg = Debug|Any CPU
		{77BF89D1-54D5-435F-AAEF-FBAC2A560D42}.Debug|Any CPU.Build.0 = Debug|Any CPU
		{77BF89D1-54D5-435F-AAEF-FBAC2A560D42}.Release|Any CPU.ActiveCfg = Release|Any CPU
		{77BF89D1-54D5-435F-AAEF-FBAC2A560D42}.Release|Any CPU.Build.0 = Release|Any CPU
	EndGlobalSection
	GlobalSection(SolutionProperties) = preSolution
		HideSolutionNode = FALSE
	EndGlobalSection
	GlobalSection(ExtensibilityGlobals) = postSolution
		SolutionGuid = {DB5513A3-8150-4697-986C-042C4493C9F3}
	EndGlobalSection
EndGlobal
